
Microsoft Visual Studio Solution File, Format Version 12.00
# Visual Studio Version 16
VisualStudioVersion = 16.0.29509.3
MinimumVisualStudioVersion = 10.0.40219.1
Project("{9A19103F-16F7-4668-BE54-9A1E7A4F7556}") = "ToDoList.Domains", "ToDoList.Domains\ToDoList.Domains.csproj", "{DC5BD190-5466-440C-91FF-9BA44066CBEA}"
EndProject
Project("{9A19103F-16F7-4668-BE54-9A1E7A4F7556}") = "ToDoList.Services", "ToDoList.Services\ToDoList.Services.csproj", "{31DFEAF7-71D0-454E-A9BE-9308CF7DD457}"
EndProject
Project("{9A19103F-16F7-4668-BE54-9A1E7A4F7556}") = "ToDoList.web", "ToDoList.web\ToDoList.web.csproj", "{B73137C5-E2A5-48CE-A102-05E20E96E41E}"
EndProject
Project("{FAE04EC0-301F-11D3-BF4B-00C04F79EFBC}") = "ToDoList.Data", "ToDoList.Data\ToDoList.Data.csproj", "{B07A9898-6A01-4ABC-8C5D-53B82EE8CFAE}"
EndProject
Global
	GlobalSection(SolutionConfigurationPlatforms) = preSolution
		Debug|Any CPU = Debug|Any CPU
		Release|Any CPU = Release|Any CPU
	EndGlobalSection
	GlobalSection(ProjectConfigurationPlatforms) = postSolution
		{DC5BD190-5466-440C-91FF-9BA44066CBEA}.Debug|Any CPU.ActiveCfg = Debug|Any CPU
		{DC5BD190-5466-440C-91FF-9BA44066CBEA}.Debug|Any CPU.Build.0 = Debug|Any CPU
		{DC5BD190-5466-440C-91FF-9BA44066CBEA}.Release|Any CPU.ActiveCfg = Release|Any CPU
		{DC5BD190-5466-440C-91FF-9BA44066CBEA}.Release|Any CPU.Build.0 = Release|Any CPU
		{31DFEAF7-71D0-454E-A9BE-9308CF7DD457}.Debug|Any CPU.ActiveCfg = Debug|Any CPU
		{31DFEAF7-71D0-454E-A9BE-9308CF7DD457}.Debug|Any CPU.Build.0 = Debug|Any CPU
		{31DFEAF7-71D0-454E-A9BE-9308CF7DD457}.Release|Any CPU.ActiveCfg = Release|Any CPU
		{31DFEAF7-71D0-454E-A9BE-9308CF7DD457}.Release|Any CPU.Build.0 = Release|Any CPU
		{B73137C5-E2A5-48CE-A102-05E20E96E41E}.Debug|Any CPU.ActiveCfg = Debug|Any CPU
		{B73137C5-E2A5-48CE-A102-05E20E96E41E}.Debug|Any CPU.Build.0 = Debug|Any CPU
		{B73137C5-E2A5-48CE-A102-05E20E96E41E}.Release|Any CPU.ActiveCfg = Release|Any CPU
		{B73137C5-E2A5-48CE-A102-05E20E96E41E}.Release|Any CPU.Build.0 = Release|Any CPU
		{B07A9898-6A01-4ABC-8C5D-53B82EE8CFAE}.Debug|Any CPU.ActiveCfg = Debug|Any CPU
		{B07A9898-6A01-4ABC-8C5D-53B82EE8CFAE}.Debug|Any CPU.Build.0 = Debug|Any CPU
		{B07A9898-6A01-4ABC-8C5D-53B82EE8CFAE}.Release|Any CPU.ActiveCfg = Release|Any CPU
		{B07A9898-6A01-4ABC-8C5D-53B82EE8CFAE}.Release|Any CPU.Build.0 = Release|Any CPU
	EndGlobalSection
	GlobalSection(SolutionProperties) = preSolution
		HideSolutionNode = FALSE
	EndGlobalSection
	GlobalSection(ExtensibilityGlobals) = postSolution
		SolutionGuid = {B1EEA80B-4B02-4D1B-9514-D769881D1B3D}
	EndGlobalSection
EndGlobal
